
Microsoft Visual Studio Solution File, Format Version 12.00
# Visual Studio Version 17
VisualStudioVersion = 17.5.33627.172
MinimumVisualStudioVersion = 10.0.40219.1
Project("{FAE04EC0-301F-11D3-BF4B-00C04F79EFBC}") = "Emby.CustomCssJS", "Emby.CustomCssJS.csproj", "{D49F25AE-8FA6-42BE-B7D4-99BBD6F998BB}"
EndProject
Global
	GlobalSection(SolutionConfigurationPlatforms) = preSolution
		Debug|Any CPU = Debug|Any CPU
		Release|Any CPU = Release|Any CPU
	EndGlobalSection
	GlobalSection(ProjectConfigurationPlatforms) = postSolution
		{D49F25AE-8FA6-42BE-B7D4-99BBD6F998BB}.Debug|Any CPU.ActiveCfg = Debug|Any CPU
		{D49F25AE-8FA6-42BE-B7D4-99BBD6F998BB}.Debug|Any CPU.Build.0 = Debug|Any CPU
		{D49F25AE-8FA6-42BE-B7D4-99BBD6F998BB}.Release|Any CPU.ActiveCfg = Release|Any CPU
		{D49F25AE-8FA6-42BE-B7D4-99BBD6F998BB}.Release|Any CPU.Build.0 = Release|Any CPU
	EndGlobalSection
	GlobalSection(SolutionProperties) = preSolution
		HideSolutionNode = FALSE
	EndGlobalSection
	GlobalSection(ExtensibilityGlobals) = postSolution
		SolutionGuid = {8639E027-F2DB-4CF8-840B-A4BB8CA58F6B}
	EndGlobalSection
EndGlobal
